al.essio.dev/pkg/shellescape v1.5.1 h1:86HrALUujYS/h+GtqoB26SBEdkWfmMI6FubjXlsXyho=
al.essio.dev/pkg/shellescape v1.5.1/go.mod h1:6sIqp7X2P6mThCQ7twERpZTuigpr6KbZWtls1U8I890=
cloud.google.com/go v0.121.6 h1:waZiuajrI28iAf40cWgycWNgaXPO06dupuS+sgibK6c=
cloud.google.com/go v0.121.6/go.mod h1:coChdst4Ea5vUpiALcYKXEpR1S9ZgXbhEzzMcMR66vI=
cloud.google.com/go/auth v0.16.4 h1:fXOAIQmkApVvcIn7Pc2+5J8QTMVbUGLscnSVNl11su8=
cloud.google.com/go/auth v0.16.4/go.mod h1:j10ncYwjX/g3cdX7GpEzsdM+d+ZNsXAbb6qXA7p1Y5M=
cloud.google.com/go/auth/oauth2adapt v0.2.8 h1:keo8NaayQZ6wimpNSmW5OPc283g65QNIiLpZnkHRbnc=
cloud.google.com/go/auth/oauth2adapt v0.2.8/go.mod h1:XQ9y31RkqZCcwJWNSx2Xvric3RrU88hAYYbjDWYDL+c=
cloud.google.com/go/compute v1.49.1 h1:KYKIG0+pfpAWaAYayFkE/KPrAVCge0Hu82bPraAmsCk=
cloud.google.com/go/compute v1.49.1/go.mod h1:1uoZvP8Avyfhe3Y4he7sMOR16ZiAm2Q+Rc2P5rrJM28=
cloud.google.com/go/compute/metadata v0.8.0 h1:HxMRIbao8w17ZX6wBnjhcDkW6lTFpgcaobyVfZWqRLA=
cloud.google.com/go/compute/metadata v0.8.0/go.mod h1:sYOGTp851OV9bOFJ9CH7elVvyzopvWQFNNghtDQ/Biw=
cloud.google.com/go/container v1.44.1 h1:5h6FiGFXq7GUSwJH7TYE2Sy0xiEqlhiD8i14DICGiC4=
cloud.google.com/go/container v1.44.1/go.mod h1:eB6jUfJLjne9VsTDGcH7mnj6JyZK+KOUIA6KZnYE/ds=
cloud.google.com/go/iam v1.5.2 h1:qgFRAGEmd8z6dJ/qyEchAuL9jpswyODjA2lS+w234g8=
cloud.google.com/go/iam v1.5.2/go.mod h1:SE1vg0N81zQqLzQEwxL2WI6yhetBdbNQuTvIKCSkUHE=
cloud.google.com/go/longrunning v0.6.7 h1:IGtfDWHhQCgCjwQjV9iiLnUta9LBCo8R9QmAFsS/PrE=
cloud.google.com/go/longrunning v0.6.7/go.mod h1:EAFV3IZAKmM56TyiE6VAP3VoTzhZzySwI/YI1s/nRsY=
cloud.google.com/go/resourcemanager v1.10.7 h1:oPZKIdjyVTuag+D4HF7HO0mnSqcqgjcuA18xblwA0V0=
cloud.google.com/go/resourcemanager v1.10.7/go.mod h1:rScGkr6j2eFwxAjctvOP/8sqnEpDbQ9r5CKwKfomqjs=
cloud.google.com/go/serviceusage v1.9.7 h1:vrBBeI2ESmri4BLGPz1YH2o37loIQ3DDTloYiDOe2lY=
cloud.google.com/go/serviceusage v1.9.7/go.mod h1:JpBpv+4Zbe7+RiC9ydc6xgBUOntIL9tA85d2xKgV83g=
github.com/Azure/azure-sdk-for-go/sdk/azcore v1.20.0 h1:JXg2dwJUmPB9JmtVmdEB16APJ7jurfbY5jnfXpJoRMc=
github.com/Azure/azure-sdk-for-go/sdk/azcore v1.20.0/go.mod h1:YD5h/ldMsG0XiIw7PdyNhLxaM317eFh5yNLccNfGdyw=
github.com/Azure/azure-sdk-for-go/sdk/azidentity v1.13.1 h1:Hk5QBxZQC1jb2Fwj6mpzme37xbCDdNTxU7O9eb5+LB4=
github.com/Azure/azure-sdk-for-go/sdk/azidentity v1.13.1/go.mod h1:IYus9qsFobWIc2YVwe/WPjcnyCkPKtnHAqUYeebc8z0=
github.com/Azure/azure-sdk-for-go/sdk/internal v1.11.2 h1:9iefClla7iYpfYWdzPCRDozdmndjTm8DXdpCzPajMgA=
github.com/Azure/azure-sdk-for-go/sdk/internal v1.11.2/go.mod h1:XtLgD3ZD34DAaVIIAyG3objl5DynM3CQ/vMcbBNJZGI=
github.com/Azure/azure-sdk-for-go/sdk/resourcemanager/containerservice/armcontainerservice v1.0.0 h1:figxyQZXzZQIcP3njhC68bYUiTw45J8/SsHaLW8Ax0M=
github.com/Azure/azure-sdk-for-go/sdk/resourcemanager/containerservice/armcontainerservice v1.0.0/go.mod h1:TmlMW4W5OvXOmOyKNnor8nlMMiO1ctIyzmHme/VHsrA=
github.com/Azure/azure-sdk-for-go/sdk/resourcemanager/resources/armresources v1.2.0 h1:Dd+RhdJn0OTtVGaeDLZpcumkIVCtA/3/Fo42+eoYvVM=
github.com/Azure/azure-sdk-for-go/sdk/resourcemanager/resources/armresources v1.2.0/go.mod h1:5kakwfW5CjC9KK+Q4wjXAg+ShuIm2mBMua0ZFj2C8PE=
github.com/Azure/azure-sdk-for-go/sdk/resourcemanager/resources/armsubscriptions v1.3.0 h1:wxQx2Bt4xzPIKvW59WQf1tJNx/ZZKPfN+EhPX3Z6CYY=
github.com/Azure/azure-sdk-for-go/sdk/resourcemanager/resources/armsubscriptions v1.3.0/go.mod h1:TpiwjwnW/khS0LKs4vW5UmmT9OWcxaveS8U7+tlknzo=
github.com/AzureAD/microsoft-authentication-library-for-go v1.6.0 h1:XRzhVemXdgvJqCH0sFfrBUTnUJSBrBf7++ypk+twtRs=
github.com/AzureAD/microsoft-authentication-library-for-go v1.6.0/go.mod h1:HKpQxkWaGLJ+D/5H8QRpyQXA1eKjxkFlOMwck5+33Jk=
github.com/cpuguy83/go-md2man/v2 v2.0.4/go.mod h1:tgQtvFlXSQOSOSIRvRPT7W67SCa46tRHOmNcaadrF8o=
github.com/danieljoos/wincred v1.2.2 h1:774zMFJrqaeYCK2W57BgAem/MLi6mtSE47MB6BOJ0i0=
github.com/danieljoos/wincred v1.2.2/go.mod h1:w7w4Utbrz8lqeMbDAK0lkNJUv5sAOkFi7nd/ogr0Uh8=
github.com/davecgh/go-spew v1.1.0/go.mod h1:J7Y8YcW2NihsgmVo/mv3lAwl/skON4iLHjSsI+c5H38=
github.com/davecgh/go-spew v1.1.1 h1:vj9j/u1bqnvCEfJOwUhtlOARqs3+rkHYY13jYWTU97c=
github.com/davecgh/go-spew v1.1.1/go.mod h1:J7Y8YcW2NihsgmVo/mv3lAwl/skON4iLHjSsI+c5H38=
github.com/felixge/httpsnoop v1.0.4 h1:NFTV2Zj1bL4mc9sqWACXbQFVBBg2W3GPvqp8/ESS2Wg=
github.com/felixge/httpsnoop v1.0.4/go.mod h1:m8KPJKqk1gH5J9DgRY2ASl2lWCfGKXixSwevea8zH2U=
github.com/go-logr/logr v1.2.2/go.mod h1:jdQByPbusPIv2/zmleS9BjJVeZ6kBagPoEUsqbVz/1A=
github.com/go-logr/logr v1.4.3 h1:CjnDlHq8ikf6E492q6eKboGOC0T8CDaOvkHCIg8idEI=
github.com/go-logr/logr v1.4.3/go.mod h1:9T104GzyrTigFIr8wt5mBrctHMim0Nb2HLGrmQ40KvY=
github.com/go-logr/stdr v1.2.2 h1:hSWxHoqTgW2S2qGc0LTAI563KZ5YKYRhT3MFKZMbjag=
github.com/go-logr/stdr v1.2.2/go.mod h1:mMo/vtBO5dYbehREoey6XUKy/eSumjCCveDpRre4VKE=
github.com/godbus/dbus/v5 v5.1.0 h1:4KLkAxT3aOY8Li4FRJe/KvhoNFFxo0m6fNuFUO8QJUk=
github.com/godbus/dbus/v5 v5.1.0/go.mod h1:xhWf0FNVPg57R7Z0UbKHbJfkEywrmjJnf7w5xrFpKfA=
github.com/golang-jwt/jwt/v5 v5.3.0 h1:pv4AsKCKKZuqlgs5sUmn4x8UlGa0kEVt/puTpKx9vvo=
github.com/golang-jwt/jwt/v5 v5.3.0/go.mod h1:fxCRLWMO43lRc8nhHWY6LGqRcf+1gQWArsqaEUEa5bE=
github.com/golang/protobuf v1.5.4 h1:i7eJL8qZTpSEXOPTxNKhASYpMn+8e5Q6AdndVa1dWek=
github.com/golang/protobuf v1.5.4/go.mod h1:lnTiLA8Wa4RWRcIUkrtSVa5nRhsEGBg48fD6rSs7xps=
github.com/google/go-cmp v0.7.0 h1:wk8382ETsv4JYUZwIsn6YpYiWiBsYLSJiTsyBybVuN8=
github.com/google/go-cmp v0.7.0/go.mod h1:pXiqmnSA92OHEEa9HXL2W4E7lf9JzCmGVUdgjX3N/iU=
github.com/google/s2a-go v0.1.9 h1:LGD7gtMgezd8a/Xak7mEWL0PjoTQFvpRudN895yqKW0=
github.com/google/s2a-go v0.1.9/go.mod h1:YA0Ei2ZQL3acow2O62kdp9UlnvMmU7kA6Eutn0dXayM=
github.com/google/shlex v0.0.0-20191202100458-e7afc7fbc510 h1:El6M4kTTCOh6aBiKaUGG7oYTSPP8MxqL4YI3kZKwcP4=
github.com/google/shlex v0.0.0-20191202100458-e7afc7fbc510/go.mod h1:pupxD2MaaD3pAXIBCelhxNneeOaAeabZDe5s4K6zSpQ=
github.com/google/uuid v1.6.0 h1:NIvaJDMOsjHA8n1jAhLSgzrAzy1Hgr+hNrb57e+94F0=
github.com/google/uuid v1.6.0/go.mod h1:TIyPZe4MgqvfeYDBFedMoGGpEw/LqOeaOT+nhxU+yHo=
github.com/googleapis/enterprise-certificate-proxy v0.3.6 h1:GW/XbdyBFQ8Qe+YAmFU9uHLo7OnF5tL52HFAgMmyrf4=
github.com/googleapis/enterprise-certificate-proxy v0.3.6/go.mod h1:MkHOF77EYAE7qfSuSS9PU6g4Nt4e11cnsDUowfwewLA=
github.com/googleapis/gax-go/v2 v2.15.0 h1:SyjDc1mGgZU5LncH8gimWo9lW1DtIfPibOG81vgd/bo=
github.com/googleapis/gax-go/v2 v2.15.0/go.mod h1:zVVkkxAQHa1RQpg9z2AUCMnKhi0Qld9rcmyfL1OZhoc=
github.com/inconshreveable/mousetrap v1.1.0 h1:wN+x4NVGpMsO7ErUn/mUI3vEoE6Jt13X2s0bqwp9tc8=
github.com/inconshreveable/mousetrap v1.1.0/go.mod h1:vpF70FUmC8bwa3OWnCshd2FqLfsEA9PFc4w1p2J65bw=
github.com/kr/pretty v0.3.1 h1:flRD4NNwYAUpkphVc1HcthR4KEIFJ65n8Mw5qdRn3LE=
github.com/kr/pretty v0.3.1/go.mod h1:hoEshYVHaxMs3cyo3Yncou5ZscifuDolrwPKZanG3xk=
github.com/kr/text v0.2.0 h1:5Nx0Ya0ZqY2ygV366QzturHI13Jq95ApcVaJBhpS+AY=
github.com/kr/text v0.2.0/go.mod h1:eLer722TekiGuMkidMxC/pM04lWEeraHUUmBw8l2grE=
github.com/kylelemons/godebug v1.1.0 h1:RPNrshWIDI6G2gRW9EHilWtl7Z6Sb1BR0xunSBf0SNc=
github.com/kylelemons/godebug v1.1.0/go.mod h1:9/0rRGxNHcop5bhtWyNeEfOS8JIWk580+fNqagV/RAw=
github.com/pkg/browser v0.0.0-20240102092130-5ac0b6a4141c h1:+mdjkGKdHQG3305AYmdv1U2eRNDiU2ErMBj1gwrq8eQ=
github.com/pkg/browser v0.0.0-20240102092130-5ac0b6a4141c/go.mod h1:7rwL4CYBLnjLxUqIJNnCWiEdr3bn6IUYi15bNlnbCCU=
github.com/pmezard/go-difflib v1.0.0 h1:4DBwDE0NGyQoBHbLQYPwSUPoCMWR5BEzIk/f1lZbAQM=
github.com/pmezard/go-difflib v1.0.0/go.mod h1:iKH77koFhYxTK1pcRnkKkqfTogsbg7gZNVY4sRDYZ/4=
github.com/rogpeppe/go-internal v1.13.1 h1:KvO1DLK/DRN07sQ1LQKScxyZJuNnedQ5/wKSR38lUII=
github.com/rogpeppe/go-internal v1.13.1/go.mod h1:uMEvuHeurkdAXX61udpOXGD/AzZDWNMNyH2VO9fmH0o=
github.com/russross/blackfriday/v2 v2.1.0/go.mod h1:+Rmxgy9KzJVeS9/2gXHxylqXiyQDYRxCVz55jmeOWTM=
github.com/sirupsen/logrus v1.9.3 h1:dueUQJ1C2q9oE3F7wvmSGAaVtTmUizReu6fjN8uqzbQ=
github.com/sirupsen/logrus v1.9.3/go.mod h1:naHLuLoDiP4jHNo9R0sCBMtWGeIprob74mVsIT4qYEQ=
github.com/spf13/cobra v1.8.1 h1:e5/vxKd/rZsfSJMUX1agtjeTDf+qv1/JdBF8gg5k9ZM=
github.com/spf13/cobra v1.8.1/go.mod h1:wHxEcudfqmLYa8iTfL+OuZPbBZkmvliBWKIezN3kD9Y=
github.com/spf13/pflag v1.0.5 h1:iy+VFUOCP1a+8yFto/drg2CJ5u0yRoB7fZw3DKv/JXA=
github.com/spf13/pflag v1.0.5/go.mod h1:McXfInJRrz4CZXVZOBLb0bTZqETkiAhM9Iw0y3An2Bg=
github.com/stretchr/objx v0.1.0/go.mod h1:HFkY916IF+rwdDfMAkV7OtwuqBVzrE8GR6GFx+wExME=
github.com/stretchr/objx v0.5.2 h1:xuMeJ0Sdp5ZMRXx/aWO6RZxdr3beISkG5/G/aIRr3pY=
github.com/stretchr/objx v0.5.2/go.mod h1:FRsXN1f5AsAjCGJKqEizvkpNtU+EGNCLh3NxZ/8L+MA=
github.com/stretchr/testify v1.7.0/go.mod h1:6Fq8oRcR53rry900zMqJjRRixrwX3KX962/h/Wwjteg=
github.com/stretchr/testify v1.10.0 h1:Xv5erBjTwe/5IxqUQTdXv5kgmIvbHo3QQyRwhJsOfJA=
github.com/stretchr/testify v1.10.0/go.mod h1:r2ic/lqez/lEtzL7wO/rwa5dbSLXVDPFyf8C91i36aY=
github.com/thanhpk/randstr v1.0.6 h1:psAOktJFD4vV9NEVb3qkhRSMvYh4ORRaj1+w/hn4B+o=
github.com/thanhpk/randstr v1.0.6/go.mod h1:M/H2P1eNLZzlDwAzpkkkUvoyNNMbzRGhESZuEQk3r0U=
github.com/zalando/go-keyring v0.2.6 h1:r7Yc3+H+Ux0+M72zacZoItR3UDxeWfKTcabvkI8ua9s=
github.com/zalando/go-keyring v0.2.6/go.mod h1:2TCrxYrbUNYfNS/Kgy/LSrkSQzZ5UPVH85RwfczwvcI=
go.opentelemetry.io/auto/sdk v1.1.0 h1:cH53jehLUN6UFLY71z+NDOiNJqDdPRaXzTel0sJySYA=
go.opentelemetry.io/auto/sdk v1.1.0/go.mod h1:3wSPjt5PWp2RhlCcmmOial7AvC4DQqZb7a7wCow3W8A=
go.opentelemetry.io/contrib/instrumentation/google.golang.org/grpc/otelgrpc v0.61.0 h1:q4XOmH/0opmeuJtPsbFNivyl7bCt7yRBbeEm2sC/XtQ=
go.opentelemetry.io/contrib/instrumentation/google.golang.org/grpc/otelgrpc v0.61.0/go.mod h1:snMWehoOh2wsEwnvvwtDyFCxVeDAODenXHtn5vzrKjo=
go.opentelemetry.io/contrib/instrumentation/net/http/otelhttp v0.61.0 h1:F7Jx+6hwnZ41NSFTO5q4LYDtJRXBf2PD0rNBkeB/lus=
go.opentelemetry.io/contrib/instrumentation/net/http/otelhttp v0.61.0/go.mod h1:UHB22Z8QsdRDrnAtX4PntOl36ajSxcdUMt1sF7Y6E7Q=
go.opentelemetry.io/otel v1.36.0 h1:UumtzIklRBY6cI/lllNZlALOF5nNIzJVb16APdvgTXg=
go.opentelemetry.io/otel v1.36.0/go.mod h1:/TcFMXYjyRNh8khOAO9ybYkqaDBb/70aVwkNML4pP8E=
go.opentelemetry.io/otel/metric v1.36.0 h1:MoWPKVhQvJ+eeXWHFBOPoBOi20jh6Iq2CcCREuTYufE=
go.opentelemetry.io/otel/metric v1.36.0/go.mod h1:zC7Ks+yeyJt4xig9DEw9kuUFe5C3zLbVjV2PzT6qzbs=
go.opentelemetry.io/otel/sdk v1.36.0 h1:b6SYIuLRs88ztox4EyrvRti80uXIFy+Sqzoh9kFULbs=
go.opentelemetry.io/otel/sdk v1.36.0/go.mod h1:+lC+mTgD+MUWfjJubi2vvXWcVxyr9rmlshZni72pXeY=
go.opentelemetry.io/otel/sdk/metric v1.36.0 h1:r0ntwwGosWGaa0CrSt8cuNuTcccMXERFwHX4dThiPis=
go.opentelemetry.io/otel/sdk/metric v1.36.0/go.mod h1:qTNOhFDfKRwX0yXOqJYegL5WRaW376QbB7P4Pb0qva4=
go.opentelemetry.io/otel/trace v1.36.0 h1:ahxWNuqZjpdiFAyrIoQ4GIiAIhxAunQR6MUoKrsNd4w=
go.opentelemetry.io/otel/trace v1.36.0/go.mod h1:gQ+OnDZzrybY4k4seLzPAWNwVBBVlF2szhehOBB/tGA=
golang.org/x/crypto v0.43.0 h1:dduJYIi3A3KOfdGOHX8AVZ/jGiyPa3IbBozJ5kNuE04=
golang.org/x/crypto v0.43.0/go.mod h1:BFbav4mRNlXJL4wNeejLpWxB7wMbc79PdRGhWKncxR0=
golang.org/x/net v0.45.0 h1:RLBg5JKixCy82FtLJpeNlVM0nrSqpCRYzVU1n8kj0tM=
golang.org/x/net v0.45.0/go.mod h1:ECOoLqd5U3Lhyeyo/QDCEVQ4sNgYsqvCZ722XogGieY=
golang.org/x/oauth2 v0.30.0 h1:dnDm7JmhM45NNpd8FDDeLhK6FwqbOf4MLCM9zb1BOHI=
golang.org/x/oauth2 v0.30.0/go.mod h1:B++QgG3ZKulg6sRPGD/mqlHQs5rB3Ml9erfeDY7xKlU=
golang.org/x/sync v0.17.0 h1:l60nONMj9l5drqw6jlhIELNv9I0A4OFgRsG9k2oT9Ug=
golang.org/x/sync v0.17.0/go.mod h1:9KTHXmSnoGruLpwFjVSX0lNNA75CykiMECbovNTZqGI=
golang.org/x/sys v0.0.0-20220715151400-c0bba94af5f8/go.mod h1:oPkhp1MJrh7nUepCBck5+mAzfO9JrbApNNgaTdGDITg=
golang.org/x/sys v0.1.0/go.mod h1:oPkhp1MJrh7nUepCBck5+mAzfO9JrbApNNgaTdGDITg=
golang.org/x/sys v0.37.0 h1:fdNQudmxPjkdUTPnLn5mdQv7Zwvbvpaxqs831goi9kQ=
golang.org/x/sys v0.37.0/go.mod h1:OgkHotnGiDImocRcuBABYBEXf8A9a87e/uXjp9XT3ks=
golang.org/x/text v0.30.0 h1:yznKA/E9zq54KzlzBEAWn1NXSQ8DIp/NYMy88xJjl4k=
golang.org/x/text v0.30.0/go.mod h1:yDdHFIX9t+tORqspjENWgzaCVXgk0yYnYuSZ8UzzBVM=
golang.org/x/time v0.12.0 h1:ScB/8o8olJvc+CQPWrK3fPZNfh7qgwCrY0zJmoEQLSE=
golang.org/x/time v0.12.0/go.mod h1:CDIdPxbZBQxdj6cxyCIdrNogrJKMJ7pr37NYpMcMDSg=
google.golang.org/api v0.247.0 h1:tSd/e0QrUlLsrwMKmkbQhYVa109qIintOls2Wh6bngc=
google.golang.org/api v0.247.0/go.mod h1:r1qZOPmxXffXg6xS5uhx16Fa/UFY8QU/K4bfKrnvovM=
google.golang.org/genproto v0.0.0-20250603155806-513f23925822 h1:rHWScKit0gvAPuOnu87KpaYtjK5zBMLcULh7gxkCXu4=
google.golang.org/genproto v0.0.0-20250603155806-513f23925822/go.mod h1:HubltRL7rMh0LfnQPkMH4NPDFEWp0jw3vixw7jEM53s=
google.golang.org/genproto/googleapis/api v0.0.0-20250818200422-3122310a409c h1:AtEkQdl5b6zsybXcbz00j1LwNodDuH6hVifIaNqk7NQ=
google.golang.org/genproto/googleapis/api v0.0.0-20250818200422-3122310a409c/go.mod h1:ea2MjsO70ssTfCjiwHgI0ZFqcw45Ksuk2ckf9G468GA=
google.golang.org/genproto/googleapis/rpc v0.0.0-20250818200422-3122310a409c h1:qXWI/sQtv5UKboZ/zUk7h+mrf/lXORyI+n9DKDAusdg=
google.golang.org/genproto/googleapis/rpc v0.0.0-20250818200422-3122310a409c/go.mod h1:gw1tLEfykwDz2ET4a12jcXt4couGAm7IwsVaTy0Sflo=
google.golang.org/grpc v1.74.2 h1:WoosgB65DlWVC9FqI82dGsZhWFNBSLjQ84bjROOpMu4=
google.golang.org/grpc v1.74.2/go.mod h1:CtQ+BGjaAIXHs/5YS3i473GqwBBa1zGQNevxdeBEXrM=
google.golang.org/protobuf v1.36.7 h1:IgrO7UwFQGJdRNXH/sQux4R1Dj1WAKcLElzeeRaXV2A=
google.golang.org/protobuf v1.36.7/go.mod h1:jduwjTPXsFjZGTmRluh+L6NjiWu7pchiJ2/5YcXBHnY=
gopkg.in/check.v1 v0.0.0-20161208181325-20d25e280405/go.mod h1:Co6ibVJAznAaIkqp8huTwlJQCZ016jof/cbN4VW5Yz0=
gopkg.in/check.v1 v1.0.0-20201130134442-10cb98267c6c h1:Hei/4ADfdWqJk1ZMxUNpqntNwaWcugrBjAiHlqqRiVk=
gopkg.in/check.v1 v1.0.0-20201130134442-10cb98267c6c/go.mod h1:JHkPIbrfpd72SG/EVd6muEfDQjcINNoR0C8j2r3qZ4Q=
gopkg.in/yaml.v3 v3.0.0-20200313102051-9f266ea9e77c/go.mod h1:K4uyk7z7BCEPqu6E+C64Yfv1cQ7kz7rIZviUmN+EgEM=
gopkg.in/yaml.v3 v3.0.1 h1:fxVm/GzAzEWqLHuvctI91KS9hhNmmWOoWu0XTYJS7CA=
gopkg.in/yaml.v3 v3.0.1/go.mod h1:K4uyk7z7BCEPqu6E+C64Yfv1cQ7kz7rIZviUmN+EgEM=
v8.run/go/exp v0.0.25 h1:71cVgzrVPjy61MXkwgX9CMUGu2Ze9iQYUJpBUci9Xv8=
v8.run/go/exp v0.0.25/go.mod h1:PXvWlnUgCKNPDInXVYZ9HHVxvnGDT9l5w8m09H5mN/U=
